
Microsoft Visual Studio Solution File, Format Version 12.00
# Visual Studio 14
VisualStudioVersion = 14.0.23107.0
MinimumVisualStudioVersion = 10.0.40219.1
Project("{FAE04EC0-301F-11D3-BF4B-00C04F79EFBC}") = "primeNumbers", "primeNumbers\primeNumbers.csproj", "{46600967-C12C-4E26-9B84-539CB3C77129}"
EndProject
Project("{FAE04EC0-301F-11D3-BF4B-00C04F79EFBC}") = "reverseInPlace", "reverseInPlace\reverseInPlace.csproj", "{2890BF4A-59D1-4C08-A7B2-B4791EE93682}"
EndProject
Global
	GlobalSection(SolutionConfigurationPlatforms) = preSolution
		Debug|Any CPU = Debug|Any CPU
		Release|Any CPU = Release|Any CPU
	EndGlobalSection
	GlobalSection(ProjectConfigurationPlatforms) = postSolution
		{46600967-C12C-4E26-9B84-539CB3C77129}.Debug|Any CPU.ActiveCfg = Debug|Any CPU
		{46600967-C12C-4E26-9B84-539CB3C77129}.Debug|Any CPU.Build.0 = Debug|Any CPU
		{46600967-C12C-4E26-9B84-539CB3C77129}.Release|Any CPU.ActiveCfg = Release|Any CPU
		{46600967-C12C-4E26-9B84-539CB3C77129}.Release|Any CPU.Build.0 = Release|Any CPU
		{2890BF4A-59D1-4C08-A7B2-B4791EE93682}.Debug|Any CPU.ActiveCfg = Debug|Any CPU
		{2890BF4A-59D1-4C08-A7B2-B4791EE93682}.Debug|Any CPU.Build.0 = Debug|Any CPU
		{2890BF4A-59D1-4C08-A7B2-B4791EE93682}.Release|Any CPU.ActiveCfg = Release|Any CPU
		{2890BF4A-59D1-4C08-A7B2-B4791EE93682}.Release|Any CPU.Build.0 = Release|Any CPU
	EndGlobalSection
	GlobalSection(SolutionProperties) = preSolution
		HideSolutionNode = FALSE
	EndGlobalSection
EndGlobal
